{
  "name": "color-helper-extension",
  "lockfileVersion": 3,
  "requires": true,
  "packages": {
    "": {
      "dependencies": {
        "@mtillmann/colors": "^0.0.3"
      }
    },
    "node_modules/@mtillmann/colors": {
      "version": "0.0.3",
      "resolved": "https://registry.npmjs.org/@mtillmann/colors/-/colors-0.0.3.tgz",
      "integrity": "sha512-T6Gq6pYoJn9O1fXZBSW7/uex8URb3Lp3+h+iBx2qYulLCIjQinuBZsoANH2/hWVQN+06cGB7AIV+Axr/BvlC6w==",
      "dependencies": {
        "chroma-js": "^2.4.2"
      }
    },
    "node_modules/chroma-js": {
      "version": "2.4.2",
      "resolved": "https://registry.npmjs.org/chroma-js/-/chroma-js-2.4.2.tgz",
      "integrity": "sha512-U9eDw6+wt7V8z5NncY2jJfZa+hUH8XEj8FQHgFJTrUFnJfXYf4Ml4adI2vXZOjqRDpFWtYVWypDfZwnJ+HIR4A=="
    }
  }
}
